# THIS IS AN AUTOGENERATED FILE. DO NOT EDIT THIS FILE DIRECTLY.
# yarn lockfile v1


"@babel/parser@^7.16.4":
  version "7.20.5"
  resolved "https://registry.npmmirror.com/@babel/parser/-/parser-7.20.5.tgz"
  integrity sha512-r27t/cy/m9uKLXQNWWebeCUHgnAZq0CpG1OwKRxzJMP1vpSU4bSIK2hq+/cp0bQxetkXx38n09rNu8jVkcK/zA==

"@colors/colors@^1.6.0", "@colors/colors@1.6.0":
  version "1.6.0"
  resolved "https://registry.npmjs.org/@colors/colors/-/colors-1.6.0.tgz"
  integrity sha512-Ir+AOibqzrIsL6ajt3Rz3LskB7OiMVHqltZmspbW/TJuTVuyOMirVqAkjfY6JISiLHgyNqicAC8AyHHGzNd/dA==

"@ctrl/tinycolor@^3.4.1":
  version "3.5.0"
  resolved "https://registry.npmmirror.com/@ctrl/tinycolor/-/tinycolor-3.5.0.tgz"
  integrity sha512-tlJpwF40DEQcfR/QF+wNMVyGMaO9FQp6Z1Wahj4Gk3CJQYHwA2xVG7iKDFdW6zuxZY9XWOpGcfNCTsX4McOsOg==

"@dabh/diagnostics@^2.0.2":
  version "2.0.3"
  resolved "https://registry.npmjs.org/@dabh/diagnostics/-/diagnostics-2.0.3.tgz"
  integrity sha512-hrlQOIi7hAfzsMqlGSFyVucrx38O+j6wiGOf//H2ecvIEqYN4ADBSS2iLMh5UFyDunCNniUIPk/q3riFv45xRA==
  dependencies:
    colorspace "1.1.x"
    enabled "2.0.x"
    kuler "^2.0.0"

"@element-plus/icons-vue@^2.0.10", "@element-plus/icons-vue@^2.0.6":
  version "2.0.10"
  resolved "https://registry.npmmirror.com/@element-plus/icons-vue/-/icons-vue-2.0.10.tgz"
  integrity sha512-ygEZ1mwPjcPo/OulhzLE7mtDrQBWI8vZzEWSNB2W/RNCRjoQGwbaK4N8lV4rid7Ts4qvySU3njMN7YCiSlSaTQ==

"@esbuild/win32-x64@0.16.4":
  version "0.16.4"
  resolved "https://registry.npmmirror.com/@esbuild/win32-x64/-/win32-x64-0.16.4.tgz"
  integrity sha512-sN/I8FMPtmtT2Yw+Dly8Ur5vQ5a/RmC8hW7jO9PtPSQUPkowxWpcUZnqOggU7VwyT3Xkj6vcXWd3V/qTXwultQ==

"@floating-ui/core@^1.0.4":
  version "1.0.4"
  resolved "https://registry.npmmirror.com/@floating-ui/core/-/core-1.0.4.tgz"
  integrity sha512-FPFLbg2b06MIw1dqk2SOEMAMX3xlrreGjcui5OTxfBDtaKTmh0kioOVjT8gcfl58juawL/yF+S+gnq8aUYQx/Q==

"@floating-ui/dom@^1.0.1":
  version "1.0.9"
  resolved "https://registry.npmmirror.com/@floating-ui/dom/-/dom-1.0.9.tgz"
  integrity sha512-nF9P6/BoARdt+h+CdUW3td4EUVngeDONCGuzRgnZveRZiJETx63cxhinE0JaPPC2tbcdTY9IGZocS5/7ag3xRg==
  dependencies:
    "@floating-ui/core" "^1.0.4"

"@popperjs/core@npm:@sxzz/popperjs-es@^2.11.7":
  version "2.11.7"
  resolved "https://registry.npmmirror.com/@sxzz/popperjs-es/-/popperjs-es-2.11.7.tgz"
  integrity sha512-Ccy0NlLkzr0Ex2FKvh2X+OyERHXJ88XJ1MXtsI9y9fGexlaXaVTPzBCRBwIxFkORuOb+uBqeu+RqnpgYTEZRUQ==

"@types/lodash-es@*", "@types/lodash-es@^4.17.6":
  version "4.17.6"
  resolved "https://registry.npmmirror.com/@types/lodash-es/-/lodash-es-4.17.6.tgz"
  integrity sha512-R+zTeVUKDdfoRxpAryaQNRKk3105Rrgx2CFRClIgRGaqDTdjsm8h6IYA8ir584W3ePzkZfst5xIgDwYrlh9HLg==
  dependencies:
    "@types/lodash" "*"

"@types/lodash@*", "@types/lodash@^4.14.182":
  version "4.14.191"
  resolved "https://registry.npmmirror.com/@types/lodash/-/lodash-4.14.191.tgz"
  integrity sha512-BdZ5BCCvho3EIXw6wUCXHe7rS53AIDPLE+JzwgT+OsJk53oBfbSmZZ7CX4VaRoN78N+TJpFi9QPlfIVNmJYWxQ==

"@types/triple-beam@^1.3.2":
  version "1.3.5"
  resolved "https://registry.npmjs.org/@types/triple-beam/-/triple-beam-1.3.5.tgz"
  integrity sha512-6WaYesThRMCl19iryMYP7/x2OVgCtbIVflDGFpWnb9irXI3UjYE4AzmYuiUKY1AJstGijoY+MgUszMgRxIYTYw==

"@types/web-bluetooth@^0.0.16":
  version "0.0.16"
  resolved "https://registry.npmmirror.com/@types/web-bluetooth/-/web-bluetooth-0.0.16.tgz"
  integrity sha512-oh8q2Zc32S6gd/j50GowEjKLoOVOwHP/bWVjKJInBwQqdOYMdPrf1oVlelTlyfFK3CKxL1uahMDAr+vy8T7yMQ==

"@vitejs/plugin-vue@^4.0.0":
  version "4.0.0"
  resolved "https://registry.npmmirror.com/@vitejs/plugin-vue/-/plugin-vue-4.0.0.tgz"
  integrity sha512-e0X4jErIxAB5oLtDqbHvHpJe/uWNkdpYV83AOG2xo2tEVSzCzewgJMtREZM30wXnM5ls90hxiOtAuVU6H5JgbA==

"@vue/compiler-core@3.2.45":
  version "3.2.45"
  resolved "https://registry.npmmirror.com/@vue/compiler-core/-/compiler-core-3.2.45.tgz"
  integrity sha512-rcMj7H+PYe5wBV3iYeUgbCglC+pbpN8hBLTJvRiK2eKQiWqu+fG9F+8sW99JdL4LQi7Re178UOxn09puSXvn4A==
  dependencies:
    "@babel/parser" "^7.16.4"
    "@vue/shared" "3.2.45"
    estree-walker "^2.0.2"
    source-map "^0.6.1"

"@vue/compiler-dom@3.2.45":
  version "3.2.45"
  resolved "https://registry.npmmirror.com/@vue/compiler-dom/-/compiler-dom-3.2.45.tgz"
  integrity sha512-tyYeUEuKqqZO137WrZkpwfPCdiiIeXYCcJ8L4gWz9vqaxzIQRccTSwSWZ/Axx5YR2z+LvpUbmPNXxuBU45lyRw==
  dependencies:
    "@vue/compiler-core" "3.2.45"
    "@vue/shared" "3.2.45"

"@vue/compiler-sfc@3.2.45":
  version "3.2.45"
  resolved "https://registry.npmmirror.com/@vue/compiler-sfc/-/compiler-sfc-3.2.45.tgz"
  integrity sha512-1jXDuWah1ggsnSAOGsec8cFjT/K6TMZ0sPL3o3d84Ft2AYZi2jWJgRMjw4iaK0rBfA89L5gw427H4n1RZQBu6Q==
  dependencies:
    "@babel/parser" "^7.16.4"
    "@vue/compiler-core" "3.2.45"
    "@vue/compiler-dom" "3.2.45"
    "@vue/compiler-ssr" "3.2.45"
    "@vue/reactivity-transform" "3.2.45"
    "@vue/shared" "3.2.45"
    estree-walker "^2.0.2"
    magic-string "^0.25.7"
    postcss "^8.1.10"
    source-map "^0.6.1"

"@vue/compiler-ssr@3.2.45":
  version "3.2.45"
  resolved "https://registry.npmmirror.com/@vue/compiler-ssr/-/compiler-ssr-3.2.45.tgz"
  integrity sha512-6BRaggEGqhWht3lt24CrIbQSRD5O07MTmd+LjAn5fJj568+R9eUD2F7wMQJjX859seSlrYog7sUtrZSd7feqrQ==
  dependencies:
    "@vue/compiler-dom" "3.2.45"
    "@vue/shared" "3.2.45"

"@vue/reactivity-transform@3.2.45":
  version "3.2.45"
  resolved "https://registry.npmmirror.com/@vue/reactivity-transform/-/reactivity-transform-3.2.45.tgz"
  integrity sha512-BHVmzYAvM7vcU5WmuYqXpwaBHjsS8T63jlKGWVtHxAHIoMIlmaMyurUSEs1Zcg46M4AYT5MtB1U274/2aNzjJQ==
  dependencies:
    "@babel/parser" "^7.16.4"
    "@vue/compiler-core" "3.2.45"
    "@vue/shared" "3.2.45"
    estree-walker "^2.0.2"
    magic-string "^0.25.7"

"@vue/reactivity@3.2.45":
  version "3.2.45"
  resolved "https://registry.npmmirror.com/@vue/reactivity/-/reactivity-3.2.45.tgz"
  integrity sha512-PRvhCcQcyEVohW0P8iQ7HDcIOXRjZfAsOds3N99X/Dzewy8TVhTCT4uXpAHfoKjVTJRA0O0K+6QNkDIZAxNi3A==
  dependencies:
    "@vue/shared" "3.2.45"

"@vue/runtime-core@3.2.45":
  version "3.2.45"
  resolved "https://registry.npmmirror.com/@vue/runtime-core/-/runtime-core-3.2.45.tgz"
  integrity sha512-gzJiTA3f74cgARptqzYswmoQx0fIA+gGYBfokYVhF8YSXjWTUA2SngRzZRku2HbGbjzB6LBYSbKGIaK8IW+s0A==
  dependencies:
    "@vue/reactivity" "3.2.45"
    "@vue/shared" "3.2.45"

"@vue/runtime-dom@3.2.45":
  version "3.2.45"
  resolved "https://registry.npmmirror.com/@vue/runtime-dom/-/runtime-dom-3.2.45.tgz"
  integrity sha512-cy88YpfP5Ue2bDBbj75Cb4bIEZUMM/mAkDMfqDTpUYVgTf/kuQ2VQ8LebuZ8k6EudgH8pYhsGWHlY0lcxlvTwA==
  dependencies:
    "@vue/runtime-core" "3.2.45"
    "@vue/shared" "3.2.45"
    csstype "^2.6.8"

"@vue/server-renderer@3.2.45":
  version "3.2.45"
  resolved "https://registry.npmmirror.com/@vue/server-renderer/-/server-renderer-3.2.45.tgz"
  integrity sha512-ebiMq7q24WBU1D6uhPK//2OTR1iRIyxjF5iVq/1a5I1SDMDyDu4Ts6fJaMnjrvD3MqnaiFkKQj+LKAgz5WIK3g==
  dependencies:
    "@vue/compiler-ssr" "3.2.45"
    "@vue/shared" "3.2.45"

"@vue/shared@3.2.45":
  version "3.2.45"
  resolved "https://registry.npmmirror.com/@vue/shared/-/shared-3.2.45.tgz"
  integrity sha512-Ewzq5Yhimg7pSztDV+RH1UDKBzmtqieXQlpTVm2AwraoRL/Rks96mvd8Vgi7Lj+h+TH8dv7mXD3FRZR3TUvbSg==

"@vueuse/core@^9.1.0":
  version "9.6.0"
  resolved "https://registry.npmmirror.com/@vueuse/core/-/core-9.6.0.tgz"
  integrity sha512-qGUcjKQXHgN+jqXEgpeZGoxdCbIDCdVPz3QiF1uyecVGbMuM63o96I1GjYx5zskKgRI0FKSNsVWM7rwrRMTf6A==
  dependencies:
    "@types/web-bluetooth" "^0.0.16"
    "@vueuse/metadata" "9.6.0"
    "@vueuse/shared" "9.6.0"
    vue-demi "*"

"@vueuse/metadata@9.6.0":
  version "9.6.0"
  resolved "https://registry.npmmirror.com/@vueuse/metadata/-/metadata-9.6.0.tgz"
  integrity sha512-sIC8R+kWkIdpi5X2z2Gk8TRYzmczDwHRhEFfCu2P+XW2JdPoXrziqsGpDDsN7ykBx4ilwieS7JUIweVGhvZ93w==

"@vueuse/shared@9.6.0":
  version "9.6.0"
  resolved "https://registry.npmmirror.com/@vueuse/shared/-/shared-9.6.0.tgz"
  integrity sha512-/eDchxYYhkHnFyrb00t90UfjCx94kRHxc7J1GtBCqCG4HyPMX+krV9XJgVtWIsAMaxKVU4fC8NSUviG1JkwhUQ==
  dependencies:
    vue-demi "*"

ag-grid-community@~28.2.1:
  version "28.2.1"
  resolved "https://registry.npmjs.org/ag-grid-community/-/ag-grid-community-28.2.1.tgz"
  integrity sha512-DMZh/xD/FqYP17qJ1M92PolTYe+hrKuEaf+A4h13O6qn2x/xZQrTRGW5DgnQLR/uLMe1XXZQPKR3UKgAlKo69A==

ag-grid-vue3@^28.2.1:
  version "28.2.1"
  resolved "https://registry.npmjs.org/ag-grid-vue3/-/ag-grid-vue3-28.2.1.tgz"
  integrity sha512-n7+l51zFCZm3SVT2pI0lVVwL8gsDPebqNLfEy4DS17OlV5IL7c1eNXRosv/QMu+YHOEMVcwFRWH380nIjVF/+w==
  dependencies:
    ag-grid-community "~28.2.1"
    vue "^3.0.0"

async-validator@^4.2.5:
  version "4.2.5"
  resolved "https://registry.npmmirror.com/async-validator/-/async-validator-4.2.5.tgz"
  integrity sha512-7HhHjtERjqlNbZtqNqy2rckN/SpOOlmDliet+lP7k+eKZEjPk3DgyeU9lIXLdeLz0uBbbVp+9Qdow9wJWgwwfg==

async@^3.2.3:
  version "3.2.5"
  resolved "https://registry.npmjs.org/async/-/async-3.2.5.tgz"
  integrity sha512-baNZyqaaLhyLVKm/DlvdW051MSgO6b8eVfIezl9E5PqWxFgzLm/wQntEW4zOytVburDEr0JlALEpdOFwvErLsg==

build@^0.1.4:
  version "0.1.4"
  resolved "https://registry.npmjs.org/build/-/build-0.1.4.tgz"
  integrity sha512-KwbDJ/zrsU8KZRRMfoURG14cKIAStUlS8D5jBDvtrZbwO5FEkYqc3oB8HIhRiyD64A48w1lc+sOmQ+mmBw5U/Q==
  dependencies:
    cssmin "0.3.x"
    jsmin "1.x"
    jxLoader "*"
    moo-server "*"
    promised-io "*"
    timespan "2.x"
    uglify-js "1.x"
    walker "1.x"
    winston "*"
    wrench "1.3.x"

color-convert@^1.9.3:
  version "1.9.3"
  resolved "https://registry.npmjs.org/color-convert/-/color-convert-1.9.3.tgz"
  integrity sha512-QfAUtd+vFdAtFQcC8CCyYt1fYWxSqAiK2cSD6zDB8N3cpsEBAvRxp9zOGg6G/SHHJYAT88/az/IuDGALsNVbGg==
  dependencies:
    color-name "1.1.3"

color-name@^1.0.0, color-name@1.1.3:
  version "1.1.3"
  resolved "https://registry.npmjs.org/color-name/-/color-name-1.1.3.tgz"
  integrity sha512-72fSenhMw2HZMTVHeCA9KCmpEIbzWiQsjN+BHcBbS9vr1mtt+vJjPdksIBNUmKAW8TFUDPJK5SUU3QhE9NEXDw==

color-string@^1.6.0:
  version "1.9.1"
  resolved "https://registry.npmjs.org/color-string/-/color-string-1.9.1.tgz"
  integrity sha512-shrVawQFojnZv6xM40anx4CkoDP+fZsw/ZerEMsW/pyzsRbElpsL/DBVW7q3ExxwusdNXI3lXpuhEZkzs8p5Eg==
  dependencies:
    color-name "^1.0.0"
    simple-swizzle "^0.2.2"

color@^3.1.3:
  version "3.2.1"
  resolved "https://registry.npmjs.org/color/-/color-3.2.1.tgz"
  integrity sha512-aBl7dZI9ENN6fUGC7mWpMTPNHmWUSNan9tuWN6ahh5ZLNk9baLJOnSMlrQkHcrfFgz2/RigjUVAjdx36VcemKA==
  dependencies:
    color-convert "^1.9.3"
    color-string "^1.6.0"

colorspace@1.1.x:
  version "1.1.4"
  resolved "https://registry.npmjs.org/colorspace/-/colorspace-1.1.4.tgz"
  integrity sha512-BgvKJiuVu1igBUF2kEjRCZXol6wiiGbY5ipL/oVPwm0BL9sIpMIzM8IK7vwuxIIzOXMV3Ey5w+vxhm0rR/TN8w==
  dependencies:
    color "^3.1.3"
    text-hex "1.0.x"

cssmin@0.3.x:
  version "0.3.2"
  resolved "https://registry.npmjs.org/cssmin/-/cssmin-0.3.2.tgz"
  integrity sha512-bynxGIAJ8ybrnFobjsQotIjA8HFDDgPwbeUWNXXXfR+B4f9kkxdcUyagJoQCSUOfMV+ZZ6bMn8bvbozlCzUGwQ==

csstype@^2.6.8:
  version "2.6.21"
  resolved "https://registry.npmmirror.com/csstype/-/csstype-2.6.21.tgz"
  integrity sha512-Z1PhmomIfypOpoMjRQB70jfvy/wxT50qW08YXO5lMIJkrdq4yOTR+AW7FqutScmB9NkLwxo+jU+kZLbofZZq/w==

dayjs@^1.11.3:
  version "1.11.7"
  resolved "https://registry.npmmirror.com/dayjs/-/dayjs-1.11.7.tgz"
  integrity sha512-+Yw9U6YO5TQohxLcIkrXBeY73WP3ejHWVvx8XCk3gxvQDCTEmS48ZrSZCKciI7Bhl/uCMyxYtE9UqRILmFphkQ==

element-plus@^2.2.26:
  version "2.2.26"
  resolved "https://registry.npmmirror.com/element-plus/-/element-plus-2.2.26.tgz"
  integrity sha512-O/rdY5m9DkclpVg8r3GynyqCunm7MxSR142xSsjrZA77bi7bcwA3SIy6SPEDqHi5R4KqgkGYgKSp4Q4e3irbYg==
  dependencies:
    "@ctrl/tinycolor" "^3.4.1"
    "@element-plus/icons-vue" "^2.0.6"
    "@floating-ui/dom" "^1.0.1"
    "@popperjs/core" "npm:@sxzz/popperjs-es@^2.11.7"
    "@types/lodash" "^4.14.182"
    "@types/lodash-es" "^4.17.6"
    "@vueuse/core" "^9.1.0"
    async-validator "^4.2.5"
    dayjs "^1.11.3"
    escape-html "^1.0.3"
    lodash "^4.17.21"
    lodash-es "^4.17.21"
    lodash-unified "^1.0.2"
    memoize-one "^6.0.0"
    normalize-wheel-es "^1.2.0"

enabled@2.0.x:
  version "2.0.0"
  resolved "https://registry.npmjs.org/enabled/-/enabled-2.0.0.tgz"
  integrity sha512-AKrN98kuwOzMIdAizXGI86UFBoo26CL21UM763y1h/GMSJ4/OHU9k2YlsmBpyScFo/wbLzWQJBMCW4+IO3/+OQ==

esbuild@^0.16.3:
  version "0.16.4"
  resolved "https://registry.npmmirror.com/esbuild/-/esbuild-0.16.4.tgz"
  integrity sha512-qQrPMQpPTWf8jHugLWHoGqZjApyx3OEm76dlTXobHwh/EBbavbRdjXdYi/GWr43GyN0sfpap14GPkb05NH3ROA==
  optionalDependencies:
    "@esbuild/android-arm" "0.16.4"
    "@esbuild/android-arm64" "0.16.4"
    "@esbuild/android-x64" "0.16.4"
    "@esbuild/darwin-arm64" "0.16.4"
    "@esbuild/darwin-x64" "0.16.4"
    "@esbuild/freebsd-arm64" "0.16.4"
    "@esbuild/freebsd-x64" "0.16.4"
    "@esbuild/linux-arm" "0.16.4"
    "@esbuild/linux-arm64" "0.16.4"
    "@esbuild/linux-ia32" "0.16.4"
    "@esbuild/linux-loong64" "0.16.4"
    "@esbuild/linux-mips64el" "0.16.4"
    "@esbuild/linux-ppc64" "0.16.4"
    "@esbuild/linux-riscv64" "0.16.4"
    "@esbuild/linux-s390x" "0.16.4"
    "@esbuild/linux-x64" "0.16.4"
    "@esbuild/netbsd-x64" "0.16.4"
    "@esbuild/openbsd-x64" "0.16.4"
    "@esbuild/sunos-x64" "0.16.4"
    "@esbuild/win32-arm64" "0.16.4"
    "@esbuild/win32-ia32" "0.16.4"
    "@esbuild/win32-x64" "0.16.4"

escape-html@^1.0.3:
  version "1.0.3"
  resolved "https://registry.npmmirror.com/escape-html/-/escape-html-1.0.3.tgz"
  integrity sha512-NiSupZ4OeuGwr68lGIeym/ksIZMJodUGOSCZ/FSnTxcrekbvqrgdUxlJOMpijaKZVjAJrWrGs/6Jy8OMuyj9ow==

estree-walker@^2.0.2:
  version "2.0.2"
  resolved "https://registry.npmmirror.com/estree-walker/-/estree-walker-2.0.2.tgz"
  integrity sha512-Rfkk/Mp/DL7JVje3u18FxFujQlTNR2q6QfMSMB7AvCBx91NGj/ba3kCfza0f6dVDbw7YlRf/nDrn7pQrCCyQ/w==

fecha@^4.2.0:
  version "4.2.3"
  resolved "https://registry.npmjs.org/fecha/-/fecha-4.2.3.tgz"
  integrity sha512-OP2IUU6HeYKJi3i0z4A19kHMQoLVs4Hc+DPqqxI2h/DPZHTm/vjsfC6P0b4jCMy14XizLBqvndQ+UilD7707Jw==

fn.name@1.x.x:
  version "1.1.0"
  resolved "https://registry.npmjs.org/fn.name/-/fn.name-1.1.0.tgz"
  integrity sha512-GRnmB5gPyJpAhTQdSZTSp9uaPSvl09KoYcMQtsB9rQoOmzs9dH6ffeccH+Z+cv6P68Hu5bC6JjRh4Ah/mHSNRw==

function-bind@^1.1.1:
  version "1.1.1"
  resolved "https://registry.npmmirror.com/function-bind/-/function-bind-1.1.1.tgz"
  integrity sha512-yIovAzMX49sF8Yl58fSCWJ5svSLuaibPxXQJFLmBObTuCr0Mf1KiPopGM9NiFjiYBCbfaa2Fh6breQ6ANVTI0A==

has@^1.0.3:
  version "1.0.3"
  resolved "https://registry.npmmirror.com/has/-/has-1.0.3.tgz"
  integrity sha512-f2dvO0VU6Oej7RkWJGrehjbzMAjFp5/VKPp5tTpWIV4JHHZK1/BxbFRtf/siA2SWTe09caDmVtYYzWEIbBS4zw==
  dependencies:
    function-bind "^1.1.1"

inherits@^2.0.3:
  version "2.0.4"
  resolved "https://registry.npmjs.org/inherits/-/inherits-2.0.4.tgz"
  integrity sha512-k/vGaX4/Yla3WzyMCvTQOXYeIHvqOKtnqBduzTHpzpQZzAskKMhZ2K+EnBiSM9zGSoIFeMpXKxa4dYeZIQqewQ==

is-arrayish@^0.3.1:
  version "0.3.2"
  resolved "https://registry.npmjs.org/is-arrayish/-/is-arrayish-0.3.2.tgz"
  integrity sha512-eVRqCvVlZbuw3GrM63ovNSNAeA1K16kaR/LRY/92w0zxQ5/1YzwblUX652i4Xs9RwAGjW9d9y6X88t8OaAJfWQ==

is-core-module@^2.9.0:
  version "2.11.0"
  resolved "https://registry.npmmirror.com/is-core-module/-/is-core-module-2.11.0.tgz"
  integrity sha512-RRjxlvLDkD1YJwDbroBHMb+cukurkDWNyHx7D3oNB5x9rb5ogcksMC5wHCadcXoo67gVr/+3GFySh3134zi6rw==
  dependencies:
    has "^1.0.3"

is-stream@^2.0.0:
  version "2.0.1"
  resolved "https://registry.npmjs.org/is-stream/-/is-stream-2.0.1.tgz"
  integrity sha512-hFoiJiTl63nn+kstHGBtewWSKnQLpyb155KHheA1l39uvtO9nWIop1p3udqPcUd/xbF1VLMO4n7OI6p7RbngDg==

js-yaml@0.3.x:
  version "0.3.7"
  resolved "https://registry.npmjs.org/js-yaml/-/js-yaml-0.3.7.tgz"
  integrity sha512-/7PsVDNP2tVe2Z1cF9kTEkjamIwz4aooDpRKmN1+g/9eePCgcxsv4QDvEbxO0EH+gdDD7MLyDoR6BASo3hH51g==

jsmin@1.x:
  version "1.0.1"
  resolved "https://registry.npmjs.org/jsmin/-/jsmin-1.0.1.tgz"
  integrity sha512-OPuL5X/bFKgVdMvEIX3hnpx3jbVpFCrEM8pKPXjFkZUqg521r41ijdyTz7vACOhW6o1neVlcLyd+wkbK5fNHRg==

jxLoader@*:
  version "0.1.1"
  resolved "https://registry.npmjs.org/jxLoader/-/jxLoader-0.1.1.tgz"
  integrity sha512-ClEvAj3K68y8uKhub3RgTmcRPo5DfIWvtxqrKQdDPyZ1UVHIIKvVvjrAsJFSVL5wjv0rt5iH9SMCZ0XRKNzeUA==
  dependencies:
    js-yaml "0.3.x"
    moo-server "1.3.x"
    promised-io "*"
    walker "1.x"

kuler@^2.0.0:
  version "2.0.0"
  resolved "https://registry.npmjs.org/kuler/-/kuler-2.0.0.tgz"
  integrity sha512-Xq9nH7KlWZmXAtodXDDRE7vs6DU1gTU8zYDHDiWLSip45Egwq3plLHzPn27NgvzL2r1LMPC1vdqh98sQxtqj4A==

lodash-es@*, lodash-es@^4.17.21:
  version "4.17.21"
  resolved "https://registry.npmmirror.com/lodash-es/-/lodash-es-4.17.21.tgz"
  integrity sha512-mKnC+QJ9pWVzv+C4/U3rRsHapFfHvQFoFB92e52xeyGMcX6/OlIl78je1u8vePzYZSkkogMPJ2yjxxsb89cxyw==

lodash-unified@^1.0.2:
  version "1.0.3"
  resolved "https://registry.npmmirror.com/lodash-unified/-/lodash-unified-1.0.3.tgz"
  integrity sha512-WK9qSozxXOD7ZJQlpSqOT+om2ZfcT4yO+03FuzAHD0wF6S0l0090LRPDx3vhTTLZ8cFKpBn+IOcVXK6qOcIlfQ==

lodash@*, lodash@^4.17.21:
  version "4.17.21"
  resolved "https://registry.npmmirror.com/lodash/-/lodash-4.17.21.tgz"
  integrity sha512-v2kDEe57lecTulaDIuNTPy3Ry4gLGJ6Z1O3vE1krgXZNrsQ+LFTGHVxVjcXPs17LhbZVGedAJv8XZ1tvj5FvSg==

logform@^2.6.0, logform@^2.6.1:
  version "2.6.1"
  resolved "https://registry.npmjs.org/logform/-/logform-2.6.1.tgz"
  integrity sha512-CdaO738xRapbKIMVn2m4F6KTj4j7ooJ8POVnebSgKo3KBz5axNXRAL7ZdRjIV6NOr2Uf4vjtRkxrFETOioCqSA==
  dependencies:
    "@colors/colors" "1.6.0"
    "@types/triple-beam" "^1.3.2"
    fecha "^4.2.0"
    ms "^2.1.1"
    safe-stable-stringify "^2.3.1"
    triple-beam "^1.3.0"

magic-string@^0.25.7:
  version "0.25.9"
  resolved "https://registry.npmmirror.com/magic-string/-/magic-string-0.25.9.tgz"
  integrity sha512-RmF0AsMzgt25qzqqLc1+MbHmhdx0ojF2Fvs4XnOqz2ZOBXzzkEwc/dJQZCYHAn7v1jbVOjAZfK8msRn4BxO4VQ==
  dependencies:
    sourcemap-codec "^1.4.8"

makeerror@1.0.12:
  version "1.0.12"
  resolved "https://registry.npmjs.org/makeerror/-/makeerror-1.0.12.tgz"
  integrity sha512-JmqCvUhmt43madlpFzG4BQzG2Z3m6tvQDNKdClZnO3VbIudJYmxsT0FNJMeiB2+JTSlTQTSbU8QdesVmwJcmLg==
  dependencies:
    tmpl "1.0.5"

memoize-one@^6.0.0:
  version "6.0.0"
  resolved "https://registry.npmmirror.com/memoize-one/-/memoize-one-6.0.0.tgz"
  integrity sha512-rkpe71W0N0c0Xz6QD0eJETuWAJGnJ9afsl1srmwPrI+yBCkge5EycXXbYRyvL29zZVUWQCY7InPRCv3GDXuZNw==

moo-server@*, moo-server@1.3.x:
  version "1.3.0"
  resolved "https://registry.npmjs.org/moo-server/-/moo-server-1.3.0.tgz"
  integrity sha512-9A8/eor2DXwpv1+a4pZAAydqLFVrWoKoO1fzdzqLUhYVXAO1Kgd1FR2gFZi7YdHzF0s4W8cDNwCfKJQrvLqxDw==

ms@^2.1.1:
  version "2.1.3"
  resolved "https://registry.npmjs.org/ms/-/ms-2.1.3.tgz"
  integrity sha512-6FlzubTLZG3J2a/NVCAleEhjzq5oxgHyaCU9yYXvcLsvoVaHJq/s5xXI6/XXP6tz7R9xAOtHnSO/tXtF3WRTlA==

nanoid@^3.3.4:
  version "3.3.4"
  resolved "https://registry.npmmirror.com/nanoid/-/nanoid-3.3.4.tgz"
  integrity sha512-MqBkQh/OHTS2egovRtLk45wEyNXwF+cokD+1YPf9u5VfJiRdAiRwB2froX5Co9Rh20xs4siNPm8naNotSD6RBw==

normalize-wheel-es@^1.2.0:
  version "1.2.0"
  resolved "https://registry.npmmirror.com/normalize-wheel-es/-/normalize-wheel-es-1.2.0.tgz"
  integrity sha512-Wj7+EJQ8mSuXr2iWfnujrimU35R2W4FAErEyTmJoJ7ucwTn2hOUSsRehMb5RSYkxXGTM7Y9QpvPmp++w5ftoJw==

one-time@^1.0.0:
  version "1.0.0"
  resolved "https://registry.npmjs.org/one-time/-/one-time-1.0.0.tgz"
  integrity sha512-5DXOiRKwuSEcQ/l0kGCF6Q3jcADFv5tSmRaJck/OqkVFcOzutB134KRSfF0xDrL39MNnqxbHBbUUcjZIhTgb2g==
  dependencies:
    fn.name "1.x.x"

path-parse@^1.0.7:
  version "1.0.7"
  resolved "https://registry.npmmirror.com/path-parse/-/path-parse-1.0.7.tgz"
  integrity sha512-LDJzPVEEEPR+y48z93A0Ed0yXb8pAByGWo/k5YYdYgpY2/2EsOsksJrq7lOHxryrVOn1ejG6oAp8ahvOIQD8sw==

picocolors@^1.0.0:
  version "1.0.0"
  resolved "https://registry.npmmirror.com/picocolors/-/picocolors-1.0.0.tgz"
  integrity sha512-1fygroTLlHu66zi26VoTDv8yRgm0Fccecssto+MhsZ0D/DGW2sm8E8AjW7NU5VVTRt5GxbeZ5qBuJr+HyLYkjQ==

postcss@^8.1.10, postcss@^8.4.19:
  version "8.4.19"
  resolved "https://registry.npmmirror.com/postcss/-/postcss-8.4.19.tgz"
  integrity sha512-h+pbPsyhlYj6N2ozBmHhHrs9DzGmbaarbLvWipMRO7RLS+v4onj26MPFXA5OBYFxyqYhUJK456SwDcY9H2/zsA==
  dependencies:
    nanoid "^3.3.4"
    picocolors "^1.0.0"
    source-map-js "^1.0.2"

promised-io@*:
  version "0.3.6"
  resolved "https://registry.npmjs.org/promised-io/-/promised-io-0.3.6.tgz"
  integrity sha512-bNwZusuNIW4m0SPR8jooSyndD35ggirHlxVl/UhIaZD/F0OBv9ebfc6tNmbpZts3QXHggkjIBH8lvtnzhtcz0A==

readable-stream@^3.4.0, readable-stream@^3.6.2:
  version "3.6.2"
  resolved "https://registry.npmjs.org/readable-stream/-/readable-stream-3.6.2.tgz"
  integrity sha512-9u/sniCrY3D5WdsERHzHE4G2YCXqoG5FTHUiCC4SIbr6XcLZBY05ya9EKjYek9O5xOAwjGq+1JdGBAS7Q9ScoA==
  dependencies:
    inherits "^2.0.3"
    string_decoder "^1.1.1"
    util-deprecate "^1.0.1"

resolve@^1.22.1:
  version "1.22.1"
  resolved "https://registry.npmmirror.com/resolve/-/resolve-1.22.1.tgz"
  integrity sha512-nBpuuYuY5jFsli/JIs1oldw6fOQCBioohqWZg/2hiaOybXOft4lonv85uDOKXdf8rhyK159cxU5cDcK/NKk8zw==
  dependencies:
    is-core-module "^2.9.0"
    path-parse "^1.0.7"
    supports-preserve-symlinks-flag "^1.0.0"

rollup@^3.7.0:
  version "3.7.2"
  resolved "https://registry.npmmirror.com/rollup/-/rollup-3.7.2.tgz"
  integrity sha512-orqIX5zkHyHKVsIBl8J5a2tnVikOAMte0DgOLViyW6McYuj45FG+cQPrXILhaifBSmy0D0hKbHg2RbgzFJcwTg==
  optionalDependencies:
    fsevents "~2.3.2"

safe-buffer@~5.2.0:
  version "5.2.1"
  resolved "https://registry.npmjs.org/safe-buffer/-/safe-buffer-5.2.1.tgz"
  integrity sha512-rp3So07KcdmmKbGvgaNxQSJr7bGVSVk5S9Eq1F+ppbRo70+YeaDxkw5Dd8NPN+GD6bjnYm2VuPuCXmpuYvmCXQ==

safe-stable-stringify@^2.3.1:
  version "2.4.3"
  resolved "https://registry.npmjs.org/safe-stable-stringify/-/safe-stable-stringify-2.4.3.tgz"
  integrity sha512-e2bDA2WJT0wxseVd4lsDP4+3ONX6HpMXQa1ZhFQ7SU+GjvORCmShbCMltrtIDfkYhVHrOcPtj+KhmDBdPdZD1g==

simple-swizzle@^0.2.2:
  version "0.2.2"
  resolved "https://registry.npmjs.org/simple-swizzle/-/simple-swizzle-0.2.2.tgz"
  integrity sha512-JA//kQgZtbuY83m+xT+tXJkmJncGMTFT+C+g2h2R9uxkYIrE2yy9sgmcLhCnw57/WSD+Eh3J97FPEDFnbXnDUg==
  dependencies:
    is-arrayish "^0.3.1"

source-map-js@^1.0.2:
  version "1.0.2"
  resolved "https://registry.npmmirror.com/source-map-js/-/source-map-js-1.0.2.tgz"
  integrity sha512-R0XvVJ9WusLiqTCEiGCmICCMplcCkIwwR11mOSD9CR5u+IXYdiseeEuXCVAjS54zqwkLcPNnmU4OeJ6tUrWhDw==

source-map@^0.6.1:
  version "0.6.1"
  resolved "https://registry.npmmirror.com/source-map/-/source-map-0.6.1.tgz"
  integrity sha512-UjgapumWlbMhkBgzT7Ykc5YXUT46F0iKu8SGXq0bcwP5dz/h0Plj6enJqjz1Zbq2l5WaqYnrVbwWOWMyF3F47g==

sourcemap-codec@^1.4.8:
  version "1.4.8"
  resolved "https://registry.npmmirror.com/sourcemap-codec/-/sourcemap-codec-1.4.8.tgz"
  integrity sha512-9NykojV5Uih4lgo5So5dtw+f0JgJX30KCNI8gwhz2J9A15wD0Ml6tjHKwf6fTSa6fAdVBdZeNOs9eJ71qCk8vA==

stack-trace@0.0.x:
  version "0.0.10"
  resolved "https://registry.npmjs.org/stack-trace/-/stack-trace-0.0.10.tgz"
  integrity sha512-KGzahc7puUKkzyMt+IqAep+TVNbKP+k2Lmwhub39m1AsTSkaDutx56aDCo+HLDzf/D26BIHTJWNiTG1KAJiQCg==

string_decoder@^1.1.1:
  version "1.3.0"
  resolved "https://registry.npmjs.org/string_decoder/-/string_decoder-1.3.0.tgz"
  integrity sha512-hkRX8U1WjJFd8LsDJ2yQ/wWWxaopEsABU1XfkM8A+j0+85JAGppt16cr1Whg6KIbb4okU6Mql6BOj+uup/wKeA==
  dependencies:
    safe-buffer "~5.2.0"

supports-preserve-symlinks-flag@^1.0.0:
  version "1.0.0"
  resolved "https://registry.npmmirror.com/supports-preserve-symlinks-flag/-/supports-preserve-symlinks-flag-1.0.0.tgz"
  integrity sha512-ot0WnXS9fgdkgIcePe6RHNk1WA8+muPa6cSjeR3V8K27q9BB1rTE3R1p7Hv0z1ZyAc8s6Vvv8DIyWf681MAt0w==

text-hex@1.0.x:
  version "1.0.0"
  resolved "https://registry.npmjs.org/text-hex/-/text-hex-1.0.0.tgz"
  integrity sha512-uuVGNWzgJ4yhRaNSiubPY7OjISw4sw4E5Uv0wbjp+OzcbmVU/rsT8ujgcXJhn9ypzsgr5vlzpPqP+MBBKcGvbg==

timespan@2.x:
  version "2.3.0"
  resolved "https://registry.npmjs.org/timespan/-/timespan-2.3.0.tgz"
  integrity sha512-0Jq9+58T2wbOyLth0EU+AUb6JMGCLaTWIykJFa7hyAybjVH9gpVMTfUAwo5fWAvtFt2Tjh/Elg8JtgNpnMnM8g==

tmpl@1.0.5:
  version "1.0.5"
  resolved "https://registry.npmjs.org/tmpl/-/tmpl-1.0.5.tgz"
  integrity sha512-3f0uOEAQwIqGuWW2MVzYg8fV/QNnc/IpuJNG837rLuczAaLVHslWHZQj4IGiEl5Hs3kkbhwL9Ab7Hrsmuj+Smw==

triple-beam@^1.3.0:
  version "1.4.1"
  resolved "https://registry.npmjs.org/triple-beam/-/triple-beam-1.4.1.tgz"
  integrity sha512-aZbgViZrg1QNcG+LULa7nhZpJTZSLm/mXnHXnbAbjmN5aSa0y7V+wvv6+4WaBtpISJzThKy+PIPxc1Nq1EJ9mg==

uglify-js@1.x:
  version "1.3.5"
  resolved "https://registry.npmjs.org/uglify-js/-/uglify-js-1.3.5.tgz"
  integrity sha512-YPX1DjKtom8l9XslmPFQnqWzTBkvI4N0pbkzLuPZZ4QTyig0uQqvZz9NgUdfEV+qccJzi7fVcGWdESvRIjWptQ==

util-deprecate@^1.0.1:
  version "1.0.2"
  resolved "https://registry.npmjs.org/util-deprecate/-/util-deprecate-1.0.2.tgz"
  integrity sha512-EPD5q1uXyFxJpCrLnCc1nHnq3gOa6DZBocAIiI2TaSCA7VCJ1UJDMagCzIkXNsUYfD1daK//LTEQ8xiIbrHtcw==

vite@^4.0.0:
  version "4.0.0"
  resolved "https://registry.npmmirror.com/vite/-/vite-4.0.0.tgz"
  integrity sha512-ynad+4kYs8Jcnn8J7SacS9vAbk7eMy0xWg6E7bAhS1s79TK+D7tVFGXVZ55S7RNLRROU1rxoKlvZ/qjaB41DGA==
  dependencies:
    esbuild "^0.16.3"
    postcss "^8.4.19"
    resolve "^1.22.1"
    rollup "^3.7.0"
  optionalDependencies:
    fsevents "~2.3.2"

vue-demi@*:
  version "0.13.11"
  resolved "https://registry.npmmirror.com/vue-demi/-/vue-demi-0.13.11.tgz"
  integrity sha512-IR8HoEEGM65YY3ZJYAjMlKygDQn25D5ajNFNoKh9RSDMQtlzCxtfQjdQgv9jjK+m3377SsJXY8ysq8kLCZL25A==

vue@^3.0.0, "vue@^3.0.0-0 || ^2.6.0", vue@^3.2.0, vue@^3.2.25, vue@^3.2.45, vue@3.2.45:
  version "3.2.45"
  resolved "https://registry.npmmirror.com/vue/-/vue-3.2.45.tgz"
  integrity sha512-9Nx/Mg2b2xWlXykmCwiTUCWHbWIj53bnkizBxKai1g61f2Xit700A1ljowpTIM11e3uipOeiPcSqnmBg6gyiaA==
  dependencies:
    "@vue/compiler-dom" "3.2.45"
    "@vue/compiler-sfc" "3.2.45"
    "@vue/runtime-dom" "3.2.45"
    "@vue/server-renderer" "3.2.45"
    "@vue/shared" "3.2.45"

walker@1.x:
  version "1.0.8"
  resolved "https://registry.npmjs.org/walker/-/walker-1.0.8.tgz"
  integrity sha512-ts/8E8l5b7kY0vlWLewOkDXMmPdLcVV4GmOQLyxuSswIJsweeFZtAsMF7k1Nszz+TYBQrlYRmzOnr398y1JemQ==
  dependencies:
    makeerror "1.0.12"

winston-transport@^4.7.0:
  version "4.7.1"
  resolved "https://registry.npmjs.org/winston-transport/-/winston-transport-4.7.1.tgz"
  integrity sha512-wQCXXVgfv/wUPOfb2x0ruxzwkcZfxcktz6JIMUaPLmcNhO4bZTwA/WtDWK74xV3F2dKu8YadrFv0qhwYjVEwhA==
  dependencies:
    logform "^2.6.1"
    readable-stream "^3.6.2"
    triple-beam "^1.3.0"

winston@*:
  version "3.13.1"
  resolved "https://registry.npmjs.org/winston/-/winston-3.13.1.tgz"
  integrity sha512-SvZit7VFNvXRzbqGHsv5KSmgbEYR5EiQfDAL9gxYkRqa934Hnk++zze0wANKtMHcy/gI4W/3xmSDwlhf865WGw==
  dependencies:
    "@colors/colors" "^1.6.0"
    "@dabh/diagnostics" "^2.0.2"
    async "^3.2.3"
    is-stream "^2.0.0"
    logform "^2.6.0"
    one-time "^1.0.0"
    readable-stream "^3.4.0"
    safe-stable-stringify "^2.3.1"
    stack-trace "0.0.x"
    triple-beam "^1.3.0"
    winston-transport "^4.7.0"

wrench@1.3.x:
  version "1.3.9"
  resolved "https://registry.npmjs.org/wrench/-/wrench-1.3.9.tgz"
  integrity sha512-srTJQmLTP5YtW+F5zDuqjMEZqLLr/eJOZfDI5ibfPfRMeDh3oBUefAscuH0q5wBKE339ptH/S/0D18ZkfOfmKQ==
